
Microsoft Visual Studio Solution File, Format Version 12.00
# Visual Studio 2013
VisualStudioVersion = 12.0.31101.0
MinimumVisualStudioVersion = 10.0.40219.1
Project("{8BC9CEB8-8B4A-11D0-8D11-00A0C91BC942}") = "Launch", "Launch\Launch.vcxproj", "{AB5F4020-15A0-4EF5-BE88-688ADAA1D160}"
EndProject
Global
	GlobalSection(SolutionConfigurationPlatforms) = preSolution
		Debug|Mixed Platforms = Debug|Mixed Platforms
		Debug|Win32 = Debug|Win32
		Debug|x64 = Debug|x64
		Debug|x86 = Debug|x86
		Release|Mixed Platforms = Release|Mixed Platforms
		Release|Win32 = Release|Win32
		Release|x64 = Release|x64
		Release|x86 = Release|x86
	EndGlobalSection
	GlobalSection(ProjectConfigurationPlatforms) = postSolution
		{AB5F4020-15A0-4EF5-BE88-688ADAA1D160}.Debug|Mixed Platforms.ActiveCfg = Debug|Win32
		{AB5F4020-15A0-4EF5-BE88-688ADAA1D160}.Debug|Mixed Platforms.Build.0 = Debug|Win32
		{AB5F4020-15A0-4EF5-BE88-688ADAA1D160}.Debug|Win32.ActiveCfg = Debug|Win32
		{AB5F4020-15A0-4EF5-BE88-688ADAA1D160}.Debug|Win32.Build.0 = Debug|Win32
		{AB5F4020-15A0-4EF5-BE88-688ADAA1D160}.Debug|x64.ActiveCfg = Debug|Win32
		{AB5F4020-15A0-4EF5-BE88-688ADAA1D160}.Debug|x86.ActiveCfg = Debug|Win32
		{AB5F4020-15A0-4EF5-BE88-688ADAA1D160}.Debug|x86.Build.0 = Debug|Win32
		{AB5F4020-15A0-4EF5-BE88-688ADAA1D160}.Release|Mixed Platforms.ActiveCfg = Release|Win32
		{AB5F4020-15A0-4EF5-BE88-688ADAA1D160}.Release|Mixed Platforms.Build.0 = Release|Win32
		{AB5F4020-15A0-4EF5-BE88-688ADAA1D160}.Release|Win32.ActiveCfg = Release|Win32
		{AB5F4020-15A0-4EF5-BE88-688ADAA1D160}.Release|Win32.Build.0 = Release|Win32
		{AB5F4020-15A0-4EF5-BE88-688ADAA1D160}.Release|x64.ActiveCfg = Release|Win32
		{AB5F4020-15A0-4EF5-BE88-688ADAA1D160}.Release|x86.ActiveCfg = Release|Win32
		{AB5F4020-15A0-4EF5-BE88-688ADAA1D160}.Release|x86.Build.0 = Release|Win32
	EndGlobalSection
	GlobalSection(SolutionProperties) = preSolution
		HideSolutionNode = FALSE
	EndGlobalSection
EndGlobal
